
Microsoft Visual Studio Solution File, Format Version 12.00
Project("{2150E333-8FDC-42A3-9474-1A3956D46DE8}") = "1. Core", "1. Core", "{E1D3BAE1-882A-45FD-9291-F47946C6EC2B}"
EndProject
Project("{2150E333-8FDC-42A3-9474-1A3956D46DE8}") = "2. Application", "2. Application", "{13E453A6-2E63-48F4-AA11-E36232084A49}"
EndProject
Project("{2150E333-8FDC-42A3-9474-1A3956D46DE8}") = "3. Infrastructure", "3. Infrastructure", "{E324FC62-D7DB-4E1F-844D-14DF0EEE00DB}"
EndProject
Project("{2150E333-8FDC-42A3-9474-1A3956D46DE8}") = "4. Presentation", "4. Presentation", "{9B95BFB8-C602-4E45-9C9E-43C6D1E10602}"
EndProject
Project("{FAE04EC0-301F-11D3-BF4B-00C04F79EFBC}") = "DnsWatcher.Common", "DnsWatcher.Common\DnsWatcher.Common.csproj", "{0D9664E1-F3DA-4697-A917-4CB7A9317687}"
EndProject
Project("{FAE04EC0-301F-11D3-BF4B-00C04F79EFBC}") = "DnsWatcher.Domain", "DnsWatcher.Domain\DnsWatcher.Domain.csproj", "{BDD1772E-DB1E-40BF-A7D3-C1C56B1BD9C0}"
EndProject
Project("{FAE04EC0-301F-11D3-BF4B-00C04F79EFBC}") = "DnsWatcher.Application", "DnsWatcher.Application\DnsWatcher.Application.csproj", "{1DBEDA29-75B6-438C-87E3-A83145D1005F}"
EndProject
Project("{FAE04EC0-301F-11D3-BF4B-00C04F79EFBC}") = "DnsWatcher.Infrastructure", "DnsWatcher.Infrastructure\DnsWatcher.Infrastructure.csproj", "{B77E74FD-B903-426F-938D-21D9019B5A99}"
EndProject
Global
	GlobalSection(SolutionConfigurationPlatforms) = preSolution
		Debug|Any CPU = Debug|Any CPU
		Release|Any CPU = Release|Any CPU
	EndGlobalSection
	GlobalSection(NestedProjects) = preSolution
		{0D9664E1-F3DA-4697-A917-4CB7A9317687} = {E1D3BAE1-882A-45FD-9291-F47946C6EC2B}
		{BDD1772E-DB1E-40BF-A7D3-C1C56B1BD9C0} = {E1D3BAE1-882A-45FD-9291-F47946C6EC2B}
		{1DBEDA29-75B6-438C-87E3-A83145D1005F} = {13E453A6-2E63-48F4-AA11-E36232084A49}
		{B77E74FD-B903-426F-938D-21D9019B5A99} = {E324FC62-D7DB-4E1F-844D-14DF0EEE00DB}
	EndGlobalSection
	GlobalSection(ProjectConfigurationPlatforms) = postSolution
		{0D9664E1-F3DA-4697-A917-4CB7A9317687}.Debug|Any CPU.ActiveCfg = Debug|Any CPU
		{0D9664E1-F3DA-4697-A917-4CB7A9317687}.Debug|Any CPU.Build.0 = Debug|Any CPU
		{0D9664E1-F3DA-4697-A917-4CB7A9317687}.Release|Any CPU.ActiveCfg = Release|Any CPU
		{0D9664E1-F3DA-4697-A917-4CB7A9317687}.Release|Any CPU.Build.0 = Release|Any CPU
		{BDD1772E-DB1E-40BF-A7D3-C1C56B1BD9C0}.Debug|Any CPU.ActiveCfg = Debug|Any CPU
		{BDD1772E-DB1E-40BF-A7D3-C1C56B1BD9C0}.Debug|Any CPU.Build.0 = Debug|Any CPU
		{BDD1772E-DB1E-40BF-A7D3-C1C56B1BD9C0}.Release|Any CPU.ActiveCfg = Release|Any CPU
		{BDD1772E-DB1E-40BF-A7D3-C1C56B1BD9C0}.Release|Any CPU.Build.0 = Release|Any CPU
		{1DBEDA29-75B6-438C-87E3-A83145D1005F}.Debug|Any CPU.ActiveCfg = Debug|Any CPU
		{1DBEDA29-75B6-438C-87E3-A83145D1005F}.Debug|Any CPU.Build.0 = Debug|Any CPU
		{1DBEDA29-75B6-438C-87E3-A83145D1005F}.Release|Any CPU.ActiveCfg = Release|Any CPU
		{1DBEDA29-75B6-438C-87E3-A83145D1005F}.Release|Any CPU.Build.0 = Release|Any CPU
		{B77E74FD-B903-426F-938D-21D9019B5A99}.Debug|Any CPU.ActiveCfg = Debug|Any CPU
		{B77E74FD-B903-426F-938D-21D9019B5A99}.Debug|Any CPU.Build.0 = Debug|Any CPU
		{B77E74FD-B903-426F-938D-21D9019B5A99}.Release|Any CPU.ActiveCfg = Release|Any CPU
		{B77E74FD-B903-426F-938D-21D9019B5A99}.Release|Any CPU.Build.0 = Release|Any CPU
	EndGlobalSection
EndGlobal
